// !$*UTF8*$!
{
	archiveVersion = 1;
	classes = {
	};
	objectVersion = 56;
	objects = {

/* Begin PBXBuildFile section */
		049BAAAD2A3050D200170404 /* AppDelegate.swift in Sources */ = {isa = PBXBuildFile; fileRef = 049BAAAC2A3050D200170404 /* AppDelegate.swift */; };
		049BAAAF2A3050D200170404 /* SceneDelegate.swift in Sources */ = {isa = PBXBuildFile; fileRef = 049BAAAE2A3050D200170404 /* SceneDelegate.swift */; };
		049BAAB12A3050D200170404 /* SendVC.swift in Sources */ = {isa = PBXBuildFile; fileRef = 049BAAB02A3050D200170404 /* SendVC.swift */; };
		049BAAB42A3050D200170404 /* Main.storyboard in Resources */ = {isa = PBXBuildFile; fileRef = 049BAAB22A3050D200170404 /* Main.storyboard */; };
		049BAAB62A3050D300170404 /* Assets.xcassets in Resources */ = {isa = PBXBuildFile; fileRef = 049BAAB52A3050D300170404 /* Assets.xcassets */; };
		049BAAB92A3050D300170404 /* LaunchScreen.storyboard in Resources */ = {isa = PBXBuildFile; fileRef = 049BAAB72A3050D300170404 /* LaunchScreen.storyboard */; };
		049BAAC12A30531700170404 /* ViewController.swift in Sources */ = {isa = PBXBuildFile; fileRef = 049BAAC02A30531700170404 /* ViewController.swift */; };
		049BAAC32A30537400170404 /* ReceiveVC.swift in Sources */ = {isa = PBXBuildFile; fileRef = 049BAAC22A30537400170404 /* ReceiveVC.swift */; };
		049BAAD62A305E9E00170404 /* TCPClient.swift in Sources */ = {isa = PBXBuildFile; fileRef = 049BAACF2A305E9E00170404 /* TCPClient.swift */; };
		049BAAD72A305E9E00170404 /* VideoClient.swift in Sources */ = {isa = PBXBuildFile; fileRef = 049BAAD02A305E9E00170404 /* VideoClient.swift */; };
		049BAAD82A305E9E00170404 /* CMSampleBuffer+Extension.swift in Sources */ = {isa = PBXBuildFile; fileRef = 049BAAD22A305E9E00170404 /* CMSampleBuffer+Extension.swift */; };
		049BAAD92A305E9E00170404 /* H264Encoder.swift in Sources */ = {isa = PBXBuildFile; fileRef = 049BAAD42A305E9E00170404 /* H264Encoder.swift */; };
		049BAADA2A305E9E00170404 /* VideoCaptureManager.swift in Sources */ = {isa = PBXBuildFile; fileRef = 049BAAD52A305E9E00170404 /* VideoCaptureManager.swift */; };
		049BAAE32A305F3E00170404 /* VideoServer.swift in Sources */ = {isa = PBXBuildFile; fileRef = 049BAADB2A305F3E00170404 /* VideoServer.swift */; };
		049BAAE42A305F3E00170404 /* H264Converter.swift in Sources */ = {isa = PBXBuildFile; fileRef = 049BAADD2A305F3E00170404 /* H264Converter.swift */; };
		049BAAE52A305F3E00170404 /* NALUParser.swift in Sources */ = {isa = PBXBuildFile; fileRef = 049BAADE2A305F3E00170404 /* NALUParser.swift */; };
		049BAAE62A305F3E00170404 /* TCPServer.swift in Sources */ = {isa = PBXBuildFile; fileRef = 049BAAE02A305F3E00170404 /* TCPServer.swift */; };
		049BAAE72A305F3E00170404 /* H264Unit.swift in Sources */ = {isa = PBXBuildFile; fileRef = 049BAAE22A305F3E00170404 /* H264Unit.swift */; };
		EFBD889189D28203D31B5B77 /* Pods_VideoTest.framework in Frameworks */ = {isa = PBXBuildFile; fileRef = 3B0E8ECC3FF37FAADAEF5FE9 /* Pods_VideoTest.framework */; };
/* End PBXBuildFile section */

/* Begin PBXFileReference section */
		049BAAA92A3050D200170404 /* VideoTest.app */ = {isa = PBXFileReference; explicitFileType = wrapper.application; includeInIndex = 0; path = VideoTest.app; sourceTree = BUILT_PRODUCTS_DIR; };
		049BAAAC2A3050D200170404 /* AppDelegate.swift */ = {isa = PBXFileReference; lastKnownFileType = sourcecode.swift; path = AppDelegate.swift; sourceTree = "<group>"; };
		049BAAAE2A3050D200170404 /* SceneDelegate.swift */ = {isa = PBXFileReference; lastKnownFileType = sourcecode.swift; path = SceneDelegate.swift; sourceTree = "<group>"; };
		049BAAB02A3050D200170404 /* SendVC.swift */ = {isa = PBXFileReference; lastKnownFileType = sourcecode.swift; path = SendVC.swift; sourceTree = "<group>"; };
		049BAAB32A3050D200170404 /* Base */ = {isa = PBXFileReference; lastKnownFileType = file.storyboard; name = Base; path = Base.lproj/Main.storyboard; sourceTree = "<group>"; };
		049BAAB52A3050D300170404 /* Assets.xcassets */ = {isa = PBXFileReference; lastKnownFileType = folder.assetcatalog; path = Assets.xcassets; sourceTree = "<group>"; };
		049BAAB82A3050D300170404 /* Base */ = {isa = PBXFileReference; lastKnownFileType = file.storyboard; name = Base; path = Base.lproj/LaunchScreen.storyboard; sourceTree = "<group>"; };
		049BAABA2A3050D300170404 /* Info.plist */ = {isa = PBXFileReference; lastKnownFileType = text.plist.xml; path = Info.plist; sourceTree = "<group>"; };
		049BAAC02A30531700170404 /* ViewController.swift */ = {isa = PBXFileReference; fileEncoding = 4; lastKnownFileType = sourcecode.swift; path = ViewController.swift; sourceTree = "<group>"; };
		049BAAC22A30537400170404 /* ReceiveVC.swift */ = {isa = PBXFileReference; fileEncoding = 4; lastKnownFileType = sourcecode.swift; path = ReceiveVC.swift; sourceTree = "<group>"; };
		049BAACF2A305E9E00170404 /* TCPClient.swift */ = {isa = PBXFileReference; fileEncoding = 4; lastKnownFileType = sourcecode.swift; path = TCPClient.swift; sourceTree = "<group>"; };
		049BAAD02A305E9E00170404 /* VideoClient.swift */ = {isa = PBXFileReference; fileEncoding = 4; lastKnownFileType = sourcecode.swift; path = VideoClient.swift; sourceTree = "<group>"; };
		049BAAD22A305E9E00170404 /* CMSampleBuffer+Extension.swift */ = {isa = PBXFileReference; fileEncoding = 4; lastKnownFileType = sourcecode.swift; path = "CMSampleBuffer+Extension.swift"; sourceTree = "<group>"; };
		049BAAD42A305E9E00170404 /* H264Encoder.swift */ = {isa = PBXFileReference; fileEncoding = 4; lastKnownFileType = sourcecode.swift; path = H264Encoder.swift; sourceTree = "<group>"; };
		049BAAD52A305E9E00170404 /* VideoCaptureManager.swift */ = {isa = PBXFileReference; fileEncoding = 4; lastKnownFileType = sourcecode.swift; path = VideoCaptureManager.swift; sourceTree = "<group>"; };
		049BAADB2A305F3E00170404 /* VideoServer.swift */ = {isa = PBXFileReference; fileEncoding = 4; lastKnownFileType = sourcecode.swift; path = VideoServer.swift; sourceTree = "<group>"; };
		049BAADD2A305F3E00170404 /* H264Converter.swift */ = {isa = PBXFileReference; fileEncoding = 4; lastKnownFileType = sourcecode.swift; path = H264Converter.swift; sourceTree = "<group>"; };
		049BAADE2A305F3E00170404 /* NALUParser.swift */ = {isa = PBXFileReference; fileEncoding = 4; lastKnownFileType = sourcecode.swift; path = NALUParser.swift; sourceTree = "<group>"; };
		049BAAE02A305F3E00170404 /* TCPServer.swift */ = {isa = PBXFileReference; fileEncoding = 4; lastKnownFileType = sourcecode.swift; path = TCPServer.swift; sourceTree = "<group>"; };
		049BAAE22A305F3E00170404 /* H264Unit.swift */ = {isa = PBXFileReference; fileEncoding = 4; lastKnownFileType = sourcecode.swift; path = H264Unit.swift; sourceTree = "<group>"; };
		3273A4C892B7C25CCD07D86A /* Pods-VideoTest.debug.xcconfig */ = {isa = PBXFileReference; includeInIndex = 1; lastKnownFileType = text.xcconfig; name = "Pods-VideoTest.debug.xcconfig"; path = "Target Support Files/Pods-VideoTest/Pods-VideoTest.debug.xcconfig"; sourceTree = "<group>"; };
		3B0E8ECC3FF37FAADAEF5FE9 /* Pods_VideoTest.framework */ = {isa = PBXFileReference; explicitFileType = wrapper.framework; includeInIndex = 0; path = Pods_VideoTest.framework; sourceTree = BUILT_PRODUCTS_DIR; };
		5EB72E9F9E4BEC26895A2D73 /* Pods-VideoTest.release.xcconfig */ = {isa = PBXFileReference; includeInIndex = 1; lastKnownFileType = text.xcconfig; name = "Pods-VideoTest.release.xcconfig"; path = "Target Support Files/Pods-VideoTest/Pods-VideoTest.release.xcconfig"; sourceTree = "<group>"; };
/* End PBXFileReference section */

/* Begin PBXFrameworksBuildPhase section */
		049BAAA62A3050D200170404 /* Frameworks */ = {
			isa = PBXFrameworksBuildPhase;
			buildActionMask = 2147483647;
			files = (
				EFBD889189D28203D31B5B77 /* Pods_VideoTest.framework in Frameworks */,
			);
			runOnlyForDeploymentPostprocessing = 0;
		};
/* End PBXFrameworksBuildPhase section */

/* Begin PBXGroup section */
		049BAAA02A3050D200170404 = {
			isa = PBXGroup;
			children = (
				049BAAAB2A3050D200170404 /* VideoTest */,
				049BAAAA2A3050D200170404 /* Products */,
				AAD357D92AE2E4367630DA83 /* Pods */,
				3A8C4F58CEE95204EBAE371D /* Frameworks */,
			);
			sourceTree = "<group>";
		};
		049BAAAA2A3050D200170404 /* Products */ = {
			isa = PBXGroup;
			children = (
				049BAAA92A3050D200170404 /* VideoTest.app */,
			);
			name = Products;
			sourceTree = "<group>";
		};
		049BAAAB2A3050D200170404 /* VideoTest */ = {
			isa = PBXGroup;
			children = (
				049BAAC52A305E6000170404 /* receive */,
				049BAAC42A305E5900170404 /* send */,
				049BAAAC2A3050D200170404 /* AppDelegate.swift */,
				049BAAAE2A3050D200170404 /* SceneDelegate.swift */,
				049BAAC02A30531700170404 /* ViewController.swift */,
				049BAAB22A3050D200170404 /* Main.storyboard */,
				049BAAB52A3050D300170404 /* Assets.xcassets */,
				049BAAB72A3050D300170404 /* LaunchScreen.storyboard */,
				049BAABA2A3050D300170404 /* Info.plist */,
			);
			path = VideoTest;
			sourceTree = "<group>";
		};
		049BAAC42A305E5900170404 /* send */ = {
			isa = PBXGroup;
			children = (
				049BAAB02A3050D200170404 /* SendVC.swift */,
				049BAAD12A305E9E00170404 /* Extensions */,
				049BAACE2A305E9E00170404 /* Network */,
				049BAAD02A305E9E00170404 /* VideoClient.swift */,
				049BAAD32A305E9E00170404 /* VideoHandling */,
			);
			path = send;
			sourceTree = "<group>";
		};
		049BAAC52A305E6000170404 /* receive */ = {
			isa = PBXGroup;
			children = (
				049BAAC22A30537400170404 /* ReceiveVC.swift */,
				049BAAE12A305F3E00170404 /* Data Model */,
				049BAADF2A305F3E00170404 /* Network */,
				049BAADC2A305F3E00170404 /* Utils */,
				049BAADB2A305F3E00170404 /* VideoServer.swift */,
			);
			path = receive;
			sourceTree = "<group>";
		};
		049BAACE2A305E9E00170404 /* Network */ = {
			isa = PBXGroup;
			children = (
				049BAACF2A305E9E00170404 /* TCPClient.swift */,
			);
			path = Network;
			sourceTree = "<group>";
		};
		049BAAD12A305E9E00170404 /* Extensions */ = {
			isa = PBXGroup;
			children = (
				049BAAD22A305E9E00170404 /* CMSampleBuffer+Extension.swift */,
			);
			path = Extensions;
			sourceTree = "<group>";
		};
		049BAAD32A305E9E00170404 /* VideoHandling */ = {
			isa = PBXGroup;
			children = (
				049BAAD42A305E9E00170404 /* H264Encoder.swift */,
				049BAAD52A305E9E00170404 /* VideoCaptureManager.swift */,
			);
			path = VideoHandling;
			sourceTree = "<group>";
		};
		049BAADC2A305F3E00170404 /* Utils */ = {
			isa = PBXGroup;
			children = (
				049BAADD2A305F3E00170404 /* H264Converter.swift */,
				049BAADE2A305F3E00170404 /* NALUParser.swift */,
			);
			path = Utils;
			sourceTree = "<group>";
		};
		049BAADF2A305F3E00170404 /* Network */ = {
			isa = PBXGroup;
			children = (
				049BAAE02A305F3E00170404 /* TCPServer.swift */,
			);
			path = Network;
			sourceTree = "<group>";
		};
		049BAAE12A305F3E00170404 /* Data Model */ = {
			isa = PBXGroup;
			children = (
				049BAAE22A305F3E00170404 /* H264Unit.swift */,
			);
			path = "Data Model";
			sourceTree = "<group>";
		};
		3A8C4F58CEE95204EBAE371D /* Frameworks */ = {
			isa = PBXGroup;
			children = (
				3B0E8ECC3FF37FAADAEF5FE9 /* Pods_VideoTest.framework */,
			);
			name = Frameworks;
			sourceTree = "<group>";
		};
		AAD357D92AE2E4367630DA83 /* Pods */ = {
			isa = PBXGroup;
			children = (
				3273A4C892B7C25CCD07D86A /* Pods-VideoTest.debug.xcconfig */,
				5EB72E9F9E4BEC26895A2D73 /* Pods-VideoTest.release.xcconfig */,
			);
			path = Pods;
			sourceTree = "<group>";
		};
/* End PBXGroup section */

/* Begin PBXNativeTarget section */
		049BAAA82A3050D200170404 /* VideoTest */ = {
			isa = PBXNativeTarget;
			buildConfigurationList = 049BAABD2A3050D300170404 /* Build configuration list for PBXNativeTarget "VideoTest" */;
			buildPhases = (
				39C8F5D4363196AAC7B45C61 /* [CP] Check Pods Manifest.lock */,
				049BAAA52A3050D200170404 /* Sources */,
				049BAAA62A3050D200170404 /* Frameworks */,
				049BAAA72A3050D200170404 /* Resources */,
			);
			buildRules = (
			);
			dependencies = (
			);
			name = VideoTest;
			productName = VideoTest;
			productReference = 049BAAA92A3050D200170404 /* VideoTest.app */;
			productType = "com.apple.product-type.application";
		};
/* End PBXNativeTarget section */

/* Begin PBXProject section */
		049BAAA12A3050D200170404 /* Project object */ = {
			isa = PBXProject;
			attributes = {
				BuildIndependentTargetsInParallel = 1;
				LastSwiftUpdateCheck = 1420;
				LastUpgradeCheck = 1420;
				TargetAttributes = {
					049BAAA82A3050D200170404 = {
						CreatedOnToolsVersion = 14.2;
					};
				};
			};
			buildConfigurationList = 049BAAA42A3050D200170404 /* Build configuration list for PBXProject "VideoTest" */;
			compatibilityVersion = "Xcode 14.0";
			developmentRegion = en;
			hasScannedForEncodings = 0;
			knownRegions = (
				en,
				Base,
			);
			mainGroup = 049BAAA02A3050D200170404;
			productRefGroup = 049BAAAA2A3050D200170404 /* Products */;
			projectDirPath = "";
			projectRoot = "";
			targets = (
				049BAAA82A3050D200170404 /* VideoTest */,
			);
		};
/* End PBXProject section */

/* Begin PBXResourcesBuildPhase section */
		049BAAA72A3050D200170404 /* Resources */ = {
			isa = PBXResourcesBuildPhase;
			buildActionMask = 2147483647;
			files = (
				049BAAB92A3050D300170404 /* LaunchScreen.storyboard in Resources */,
				049BAAB62A3050D300170404 /* Assets.xcassets in Resources */,
				049BAAB42A3050D200170404 /* Main.storyboard in Resources */,
			);
			runOnlyForDeploymentPostprocessing = 0;
		};
/* End PBXResourcesBuildPhase section */

/* Begin PBXShellScriptBuildPhase section */
		39C8F5D4363196AAC7B45C61 /* [CP] Check Pods Manifest.lock */ = {
			isa = PBXShellScriptBuildPhase;
			buildActionMask = 2147483647;
			files = (
			);
			inputFileListPaths = (
			);
			inputPaths = (
				"${PODS_PODFILE_DIR_PATH}/Podfile.lock",
				"${PODS_ROOT}/Manifest.lock",
			);
			name = "[CP] Check Pods Manifest.lock";
			outputFileListPaths = (
			);
			outputPaths = (
				"$(DERIVED_FILE_DIR)/Pods-VideoTest-checkManifestLockResult.txt",
			);
			runOnlyForDeploymentPostprocessing = 0;
			shellPath = /bin/sh;
			shellScript = "diff \"${PODS_PODFILE_DIR_PATH}/Podfile.lock\" \"${PODS_ROOT}/Manifest.lock\" > /dev/null\nif [ $? != 0 ] ; then\n    # print error to STDERR\n    echo \"error: The sandbox is not in sync with the Podfile.lock. Run 'pod install' or update your CocoaPods installation.\" >&2\n    exit 1\nfi\n# This output is used by Xcode 'outputs' to avoid re-running this script phase.\necho \"SUCCESS\" > \"${SCRIPT_OUTPUT_FILE_0}\"\n";
			showEnvVarsInLog = 0;
		};
/* End PBXShellScriptBuildPhase section */

/* Begin PBXSourcesBuildPhase section */
		049BAAA52A3050D200170404 /* Sources */ = {
			isa = PBXSourcesBuildPhase;
			buildActionMask = 2147483647;
			files = (
				049BAAB12A3050D200170404 /* SendVC.swift in Sources */,
				049BAAE52A305F3E00170404 /* NALUParser.swift in Sources */,
				049BAAAD2A3050D200170404 /* AppDelegate.swift in Sources */,
				049BAAD72A305E9E00170404 /* VideoClient.swift in Sources */,
				049BAAD62A305E9E00170404 /* TCPClient.swift in Sources */,
				049BAAC32A30537400170404 /* ReceiveVC.swift in Sources */,
				049BAAD82A305E9E00170404 /* CMSampleBuffer+Extension.swift in Sources */,
				049BAADA2A305E9E00170404 /* VideoCaptureManager.swift in Sources */,
				049BAAD92A305E9E00170404 /* H264Encoder.swift in Sources */,
				049BAAC12A30531700170404 /* ViewController.swift in Sources */,
				049BAAE32A305F3E00170404 /* VideoServer.swift in Sources */,
				049BAAE42A305F3E00170404 /* H264Converter.swift in Sources */,
				049BAAE72A305F3E00170404 /* H264Unit.swift in Sources */,
				049BAAE62A305F3E00170404 /* TCPServer.swift in Sources */,
				049BAAAF2A3050D200170404 /* SceneDelegate.swift in Sources */,
			);
			runOnlyForDeploymentPostprocessing = 0;
		};
/* End PBXSourcesBuildPhase section */

/* Begin PBXVariantGroup section */
		049BAAB22A3050D200170404 /* Main.storyboard */ = {
			isa = PBXVariantGroup;
			children = (
				049BAAB32A3050D200170404 /* Base */,
			);
			name = Main.storyboard;
			sourceTree = "<group>";
		};
		049BAAB72A3050D300170404 /* LaunchScreen.storyboard */ = {
			isa = PBXVariantGroup;
			children = (
				049BAAB82A3050D300170404 /* Base */,
			);
			name = LaunchScreen.storyboard;
			sourceTree = "<group>";
		};
/* End PBXVariantGroup section */

/* Begin XCBuildConfiguration section */
		049BAABB2A3050D300170404 /* Debug */ = {
			isa = XCBuildConfiguration;
			buildSettings = {
				ALWAYS_SEARCH_USER_PATHS = NO;
				CLANG_ANALYZER_NONNULL = YES;
				CLANG_ANALYZER_NUMBER_OBJECT_CONVERSION = YES_AGGRESSIVE;
				CLANG_CXX_LANGUAGE_STANDARD = "gnu++20";
				CLANG_ENABLE_MODULES = YES;
				CLANG_ENABLE_OBJC_ARC = YES;
				CLANG_ENABLE_OBJC_WEAK = YES;
				CLANG_WARN_BLOCK_CAPTURE_AUTORELEASING = YES;
				CLANG_WARN_BOOL_CONVERSION = YES;
				CLANG_WARN_COMMA = YES;
				CLANG_WARN_CONSTANT_CONVERSION = YES;
				CLANG_WARN_DEPRECATED_OBJC_IMPLEMENTATIONS = YES;
				CLANG_WARN_DIRECT_OBJC_ISA_USAGE = YES_ERROR;
				CLANG_WARN_DOCUMENTATION_COMMENTS = YES;
				CLANG_WARN_EMPTY_BODY = YES;
				CLANG_WARN_ENUM_CONVERSION = YES;
				CLANG_WARN_INFINITE_RECURSION = YES;
				CLANG_WARN_INT_CONVERSION = YES;
				CLANG_WARN_NON_LITERAL_NULL_CONVERSION = YES;
				CLANG_WARN_OBJC_IMPLICIT_RETAIN_SELF = YES;
				CLANG_WARN_OBJC_LITERAL_CONVERSION = YES;
				CLANG_WARN_OBJC_ROOT_CLASS = YES_ERROR;
				CLANG_WARN_QUOTED_INCLUDE_IN_FRAMEWORK_HEADER = YES;
				CLANG_WARN_RANGE_LOOP_ANALYSIS = YES;
				CLANG_WARN_STRICT_PROTOTYPES = YES;
				CLANG_WARN_SUSPICIOUS_MOVE = YES;
				CLANG_WARN_UNGUARDED_AVAILABILITY = YES_AGGRESSIVE;
				CLANG_WARN_UNREACHABLE_CODE = YES;
				CLANG_WARN__DUPLICATE_METHOD_MATCH = YES;
				COPY_PHASE_STRIP = NO;
				DEBUG_INFORMATION_FORMAT = dwarf;
				ENABLE_STRICT_OBJC_MSGSEND = YES;
				ENABLE_TESTABILITY = YES;
				GCC_C_LANGUAGE_STANDARD = gnu11;
				GCC_DYNAMIC_NO_PIC = NO;
				GCC_NO_COMMON_BLOCKS = YES;
				GCC_OPTIMIZATION_LEVEL = 0;
				GCC_PREPROCESSOR_DEFINITIONS = (
					"DEBUG=1",
					"$(inherited)",
				);
				GCC_WARN_64_TO_32_BIT_CONVERSION = YES;
				GCC_WARN_ABOUT_RETURN_TYPE = YES_ERROR;
				GCC_WARN_UNDECLARED_SELECTOR = YES;
				GCC_WARN_UNINITIALIZED_AUTOS = YES_AGGRESSIVE;
				GCC_WARN_UNUSED_FUNCTION = YES;
				GCC_WARN_UNUSED_VARIABLE = YES;
				IPHONEOS_DEPLOYMENT_TARGET = 16.2;
				MTL_ENABLE_DEBUG_INFO = INCLUDE_SOURCE;
				MTL_FAST_MATH = YES;
				ONLY_ACTIVE_ARCH = YES;
				SDKROOT = iphoneos;
				SWIFT_ACTIVE_COMPILATION_CONDITIONS = DEBUG;
				SWIFT_OPTIMIZATION_LEVEL = "-Onone";
			};
			name = Debug;
		};
		049BAABC2A3050D300170404 /* Release */ = {
			isa = XCBuildConfiguration;
			buildSettings = {
				ALWAYS_SEARCH_USER_PATHS = NO;
				CLANG_ANALYZER_NONNULL = YES;
				CLANG_ANALYZER_NUMBER_OBJECT_CONVERSION = YES_AGGRESSIVE;
				CLANG_CXX_LANGUAGE_STANDARD = "gnu++20";
				CLANG_ENABLE_MODULES = YES;
				CLANG_ENABLE_OBJC_ARC = YES;
				CLANG_ENABLE_OBJC_WEAK = YES;
				CLANG_WARN_BLOCK_CAPTURE_AUTORELEASING = YES;
				CLANG_WARN_BOOL_CONVERSION = YES;
				CLANG_WARN_COMMA = YES;
				CLANG_WARN_CONSTANT_CONVERSION = YES;
				CLANG_WARN_DEPRECATED_OBJC_IMPLEMENTATIONS = YES;
				CLANG_WARN_DIRECT_OBJC_ISA_USAGE = YES_ERROR;
				CLANG_WARN_DOCUMENTATION_COMMENTS = YES;
				CLANG_WARN_EMPTY_BODY = YES;
				CLANG_WARN_ENUM_CONVERSION = YES;
				CLANG_WARN_INFINITE_RECURSION = YES;
				CLANG_WARN_INT_CONVERSION = YES;
				CLANG_WARN_NON_LITERAL_NULL_CONVERSION = YES;
				CLANG_WARN_OBJC_IMPLICIT_RETAIN_SELF = YES;
				CLANG_WARN_OBJC_LITERAL_CONVERSION = YES;
				CLANG_WARN_OBJC_ROOT_CLASS = YES_ERROR;
				CLANG_WARN_QUOTED_INCLUDE_IN_FRAMEWORK_HEADER = YES;
				CLANG_WARN_RANGE_LOOP_ANALYSIS = YES;
				CLANG_WARN_STRICT_PROTOTYPES = YES;
				CLANG_WARN_SUSPICIOUS_MOVE = YES;
				CLANG_WARN_UNGUARDED_AVAILABILITY = YES_AGGRESSIVE;
				CLANG_WARN_UNREACHABLE_CODE = YES;
				CLANG_WARN__DUPLICATE_METHOD_MATCH = YES;
				COPY_PHASE_STRIP = NO;
				DEBUG_INFORMATION_FORMAT = "dwarf-with-dsym";
				ENABLE_NS_ASSERTIONS = NO;
				ENABLE_STRICT_OBJC_MSGSEND = YES;
				GCC_C_LANGUAGE_STANDARD = gnu11;
				GCC_NO_COMMON_BLOCKS = YES;
				GCC_WARN_64_TO_32_BIT_CONVERSION = YES;
				GCC_WARN_ABOUT_RETURN_TYPE = YES_ERROR;
				GCC_WARN_UNDECLARED_SELECTOR = YES;
				GCC_WARN_UNINITIALIZED_AUTOS = YES_AGGRESSIVE;
				GCC_WARN_UNUSED_FUNCTION = YES;
				GCC_WARN_UNUSED_VARIABLE = YES;
				IPHONEOS_DEPLOYMENT_TARGET = 16.2;
				MTL_ENABLE_DEBUG_INFO = NO;
				MTL_FAST_MATH = YES;
				SDKROOT = iphoneos;
				SWIFT_COMPILATION_MODE = wholemodule;
				SWIFT_OPTIMIZATION_LEVEL = "-O";
				VALIDATE_PRODUCT = YES;
			};
			name = Release;
		};
		049BAABE2A3050D300170404 /* Debug */ = {
			isa = XCBuildConfiguration;
			baseConfigurationReference = 3273A4C892B7C25CCD07D86A /* Pods-VideoTest.debug.xcconfig */;
			buildSettings = {
				ASSETCATALOG_COMPILER_APPICON_NAME = AppIcon;
				ASSETCATALOG_COMPILER_GLOBAL_ACCENT_COLOR_NAME = AccentColor;
				CODE_SIGN_STYLE = Automatic;
				CURRENT_PROJECT_VERSION = 1;
				DEVELOPMENT_TEAM = 5LM484398D;
				GENERATE_INFOPLIST_FILE = YES;
				INFOPLIST_FILE = VideoTest/Info.plist;
				INFOPLIST_KEY_UIApplicationSupportsIndirectInputEvents = YES;
				INFOPLIST_KEY_UILaunchStoryboardName = LaunchScreen;
				INFOPLIST_KEY_UIMainStoryboardFile = Main;
				INFOPLIST_KEY_UISupportedInterfaceOrientations_iPad = "UIInterfaceOrientationPortrait UIInterfaceOrientationPortraitUpsideDown UIInterfaceOrientationLandscapeLeft UIInterfaceOrientationLandscapeRight";
				INFOPLIST_KEY_UISupportedInterfaceOrientations_iPhone = "UIInterfaceOrientationPortrait UIInterfaceOrientationLandscapeLeft UIInterfaceOrientationLandscapeRight";
				IPHONEOS_DEPLOYMENT_TARGET = 13.6;
				LD_RUNPATH_SEARCH_PATHS = (
					"$(inherited)",
					"@executable_path/Frameworks",
				);
				MARKETING_VERSION = 1.0;
				PRODUCT_BUNDLE_IDENTIFIER = com.Test.NewProjTest;
				PRODUCT_NAME = "$(TARGET_NAME)";
				SUPPORTED_PLATFORMS = "iphoneos iphonesimulator";
				SUPPORTS_MACCATALYST = NO;
				SUPPORTS_MAC_DESIGNED_FOR_IPHONE_IPAD = NO;
				SWIFT_EMIT_LOC_STRINGS = YES;
				SWIFT_VERSION = 5.0;
				TARGETED_DEVICE_FAMILY = 1;
			};
			name = Debug;
		};
		049BAABF2A3050D300170404 /* Release */ = {
			isa = XCBuildConfiguration;
			baseConfigurationReference = 5EB72E9F9E4BEC26895A2D73 /* Pods-VideoTest.release.xcconfig */;
			buildSettings = {
				ASSETCATALOG_COMPILER_APPICON_NAME = AppIcon;
				ASSETCATALOG_COMPILER_GLOBAL_ACCENT_COLOR_NAME = AccentColor;
				CODE_SIGN_STYLE = Automatic;
				CURRENT_PROJECT_VERSION = 1;
				DEVELOPMENT_TEAM = 5LM484398D;
				GENERATE_INFOPLIST_FILE = YES;
				INFOPLIST_FILE = VideoTest/Info.plist;
				INFOPLIST_KEY_UIApplicationSupportsIndirectInputEvents = YES;
				INFOPLIST_KEY_UILaunchStoryboardName = LaunchScreen;
				INFOPLIST_KEY_UIMainStoryboardFile = Main;
				INFOPLIST_KEY_UISupportedInterfaceOrientations_iPad = "UIInterfaceOrientationPortrait UIInterfaceOrientationPortraitUpsideDown UIInterfaceOrientationLandscapeLeft UIInterfaceOrientationLandscapeRight";
				INFOPLIST_KEY_UISupportedInterfaceOrientations_iPhone = "UIInterfaceOrientationPortrait UIInterfaceOrientationLandscapeLeft UIInterfaceOrientationLandscapeRight";
				IPHONEOS_DEPLOYMENT_TARGET = 13.6;
				LD_RUNPATH_SEARCH_PATHS = (
					"$(inherited)",
					"@executable_path/Frameworks",
				);
				MARKETING_VERSION = 1.0;
				PRODUCT_BUNDLE_IDENTIFIER = com.Test.NewProjTest;
				PRODUCT_NAME = "$(TARGET_NAME)";
				SUPPORTED_PLATFORMS = "iphoneos iphonesimulator";
				SUPPORTS_MACCATALYST = NO;
				SUPPORTS_MAC_DESIGNED_FOR_IPHONE_IPAD = NO;
				SWIFT_EMIT_LOC_STRINGS = YES;
				SWIFT_VERSION = 5.0;
				TARGETED_DEVICE_FAMILY = 1;
			};
			name = Release;
		};
/* End XCBuildConfiguration section */

/* Begin XCConfigurationList section */
		049BAAA42A3050D200170404 /* Build configuration list for PBXProject "VideoTest" */ = {
			isa = XCConfigurationList;
			buildConfigurations = (
				049BAABB2A3050D300170404 /* Debug */,
				049BAABC2A3050D300170404 /* Release */,
			);
			defaultConfigurationIsVisible = 0;
			defaultConfigurationName = Release;
		};
		049BAABD2A3050D300170404 /* Build configuration list for PBXNativeTarget "VideoTest" */ = {
			isa = XCConfigurationList;
			buildConfigurations = (
				049BAABE2A3050D300170404 /* Debug */,
				049BAABF2A3050D300170404 /* Release */,
			);
			defaultConfigurationIsVisible = 0;
			defaultConfigurationName = Release;
		};
/* End XCConfigurationList section */
	};
	rootObject = 049BAAA12A3050D200170404 /* Project object */;
}
